
Microsoft Visual Studio Solution File, Format Version 12.00
# Visual Studio Version 17
VisualStudioVersion = 17.9.34607.119
MinimumVisualStudioVersion = 10.0.40219.1
Project("{FAE04EC0-301F-11D3-BF4B-00C04F79EFBC}") = "WebAndApiAutomationFramework", "WebAndApiAutomationFramework\WebAndApiAutomationFramework.csproj", "{A0FAF5E1-D2B6-4319-8058-8BEF8654C77F}"
EndProject
Global
	GlobalSection(SolutionConfigurationPlatforms) = preSolution
		Debug|Any CPU = Debug|Any CPU
		Release|Any CPU = Release|Any CPU
	EndGlobalSection
	GlobalSection(ProjectConfigurationPlatforms) = postSolution
		{A0FAF5E1-D2B6-4319-8058-8BEF8654C77F}.Debug|Any CPU.ActiveCfg = Debug|Any CPU
		{A0FAF5E1-D2B6-4319-8058-8BEF8654C77F}.Debug|Any CPU.Build.0 = Debug|Any CPU
		{A0FAF5E1-D2B6-4319-8058-8BEF8654C77F}.Release|Any CPU.ActiveCfg = Release|Any CPU
		{A0FAF5E1-D2B6-4319-8058-8BEF8654C77F}.Release|Any CPU.Build.0 = Release|Any CPU
	EndGlobalSection
	GlobalSection(SolutionProperties) = preSolution
		HideSolutionNode = FALSE
	EndGlobalSection
	GlobalSection(ExtensibilityGlobals) = postSolution
		SolutionGuid = {1CC1488A-238C-4E65-8356-4E294B76BFF3}
	EndGlobalSection
EndGlobal
